
Microsoft Visual Studio Solution File, Format Version 12.00
# Visual Studio 2012
Project("{FAE04EC0-301F-11D3-BF4B-00C04F79EFBC}") = "chat2.0", "chat2.0.csproj", "{EEA9F3E9-7B65-4826-91C2-2EE53C59AD93}"
EndProject
Global
	GlobalSection(SolutionConfigurationPlatforms) = preSolution
		Debug|Any CPU = Debug|Any CPU
		Release|Any CPU = Release|Any CPU
	EndGlobalSection
	GlobalSection(ProjectConfigurationPlatforms) = postSolution
		{EEA9F3E9-7B65-4826-91C2-2EE53C59AD93}.Debug|Any CPU.ActiveCfg = Debug|Any CPU
		{EEA9F3E9-7B65-4826-91C2-2EE53C59AD93}.Debug|Any CPU.Build.0 = Debug|Any CPU
		{EEA9F3E9-7B65-4826-91C2-2EE53C59AD93}.Release|Any CPU.ActiveCfg = Release|Any CPU
		{EEA9F3E9-7B65-4826-91C2-2EE53C59AD93}.Release|Any CPU.Build.0 = Release|Any CPU
	EndGlobalSection
	GlobalSection(SolutionProperties) = preSolution
		HideSolutionNode = FALSE
	EndGlobalSection
EndGlobal
